
Microsoft Visual Studio Solution File, Format Version 12.00
# Visual Studio 14
VisualStudioVersion = 14.0.25420.1
MinimumVisualStudioVersion = 10.0.40219.1
Project("{2150E333-8FDC-42A3-9474-1A3956D46DE8}") = "src", "src", "{5761E7C4-181A-442F-AC1A-9656B348AE60}"
EndProject
Project("{2150E333-8FDC-42A3-9474-1A3956D46DE8}") = "Solution Items", "Solution Items", "{937D0C62-96AB-43E7-AC34-A70DDCA3841A}"
	ProjectSection(SolutionItems) = preProject
		global.json = global.json
	EndProjectSection
EndProject
Project("{8BB2217D-0F2D-49D1-97BC-3654ED321F3B}") = "KataExcercises.Console", "src\KataExcercises.Console\KataExcercises.Console.xproj", "{CCB4D886-047B-4278-B4A0-DB37C9A03B9F}"
EndProject
Global
	GlobalSection(SolutionConfigurationPlatforms) = preSolution
		Debug|Any CPU = Debug|Any CPU
		Release|Any CPU = Release|Any CPU
	EndGlobalSection
	GlobalSection(ProjectConfigurationPlatforms) = postSolution
		{CCB4D886-047B-4278-B4A0-DB37C9A03B9F}.Debug|Any CPU.ActiveCfg = Debug|Any CPU
		{CCB4D886-047B-4278-B4A0-DB37C9A03B9F}.Debug|Any CPU.Build.0 = Debug|Any CPU
		{CCB4D886-047B-4278-B4A0-DB37C9A03B9F}.Release|Any CPU.ActiveCfg = Release|Any CPU
		{CCB4D886-047B-4278-B4A0-DB37C9A03B9F}.Release|Any CPU.Build.0 = Release|Any CPU
	EndGlobalSection
	GlobalSection(SolutionProperties) = preSolution
		HideSolutionNode = FALSE
	EndGlobalSection
	GlobalSection(NestedProjects) = preSolution
		{CCB4D886-047B-4278-B4A0-DB37C9A03B9F} = {5761E7C4-181A-442F-AC1A-9656B348AE60}
	EndGlobalSection
EndGlobal
